{
  "nodes": {
    "nixpkgs": {
      "locked": {
        "lastModified": 1674668503,
        "narHash": "sha256-hom+S6vQ99jkzGtCow2uy0EqJNrP1yiaqTAOUmxZZkw=",
        "owner": "NixOS",
        "repo": "nixpkgs",
        "rev": "79a606608ea7e8211decfe67477e2e7d88840c5f",
        "type": "github"
      },
      "original": {
        "owner": "NixOS",
        "repo": "nixpkgs",
        "type": "github"
      }
    },
    "root": {
      "inputs": {
        "nixpkgs": "nixpkgs"
      }
    }
  },
  "root": "root",
  "version": 7
}
